
Microsoft Visual Studio Solution File, Format Version 12.00
# Visual Studio Version 17
VisualStudioVersion = 17.2.32630.192
MinimumVisualStudioVersion = 10.0.40219.1
Project("{9A19103F-16F7-4668-BE54-9A1E7A4F7556}") = "Excercises", "Excercises\Excercises.csproj", "{827F8EBE-9D16-4BB8-8C43-8530A569B209}"
EndProject
Project("{9A19103F-16F7-4668-BE54-9A1E7A4F7556}") = "v35Ons", "v35Ons\v35Ons.csproj", "{156046FE-05F9-480F-8CD3-9733C3D491A2}"
EndProject
Project("{9A19103F-16F7-4668-BE54-9A1E7A4F7556}") = "v35Fre", "v35Fre\v35Fre.csproj", "{6026CA4B-5144-4CC6-95E0-7836E98DDF8C}"
EndProject
Project("{9A19103F-16F7-4668-BE54-9A1E7A4F7556}") = "ConSnake", "ConSnake\ConSnake.csproj", "{0227C327-B867-4DAF-8A61-C1D741D9EBA3}"
EndProject
Project("{9A19103F-16F7-4668-BE54-9A1E7A4F7556}") = "v36mon", "v36mon\v36mon.csproj", "{A258F563-E283-4543-BF8D-7A9C8001B4AC}"
EndProject
Project("{9A19103F-16F7-4668-BE54-9A1E7A4F7556}") = "v36ons", "v36ons\v36ons.csproj", "{D89C7094-E21D-47F5-B482-8B20E3E85687}"
EndProject
Project("{9A19103F-16F7-4668-BE54-9A1E7A4F7556}") = "Slask", "Slask\Slask.csproj", "{7DA21013-204C-42D1-AA20-6B584E51B1DC}"
EndProject
Project("{9A19103F-16F7-4668-BE54-9A1E7A4F7556}") = "v37mon", "v37mon\v37mon.csproj", "{8BD8C35D-A257-4C99-8464-736BCFFCC105}"
EndProject
Project("{9A19103F-16F7-4668-BE54-9A1E7A4F7556}") = "ProjectEuler", "ProjectEuler\ProjectEuler.csproj", "{80B9BD1D-CCA8-47F0-8025-B48FA31AB1A7}"
EndProject
Project("{9A19103F-16F7-4668-BE54-9A1E7A4F7556}") = "Files", "Files\Files.csproj", "{1CB6931A-BF3D-4BE7-9084-A3E9A4335330}"
EndProject
Project("{9A19103F-16F7-4668-BE54-9A1E7A4F7556}") = "v38mon", "v38mon\v38mon.csproj", "{3578B06A-7BD3-45E6-99D8-6957ADF29C29}"
EndProject
Project("{9A19103F-16F7-4668-BE54-9A1E7A4F7556}") = "HangMan", "HangMan\HangMan.csproj", "{EE221AAC-C529-4067-ABE3-5560F3BBF757}"
EndProject
Project("{9A19103F-16F7-4668-BE54-9A1E7A4F7556}") = "v38ons", "v38ons\v38ons.csproj", "{C4BB40D9-69D1-4289-AD8F-CE0CA55FE26D}"
EndProject
Project("{9A19103F-16F7-4668-BE54-9A1E7A4F7556}") = "ConSnake2", "ConSnake2\ConSnake2.csproj", "{119CB34B-0A57-4A59-B53F-1679414229F5}"
EndProject
Project("{9A19103F-16F7-4668-BE54-9A1E7A4F7556}") = "RPSLS", "RPSLS\RPSLS.csproj", "{1E558AF8-56C7-411A-9DC7-8975EC927CA5}"
EndProject
Project("{9A19103F-16F7-4668-BE54-9A1E7A4F7556}") = "Pathfinding", "Pathfinding\Pathfinding.csproj", "{0B786762-20AF-4EC9-A9C2-C28C456CBF8A}"
EndProject
Project("{9A19103F-16F7-4668-BE54-9A1E7A4F7556}") = "v39mon", "v39mon\v39mon.csproj", "{87CF54A0-1468-4E99-956B-93B053C0EB5A}"
EndProject
Project("{9A19103F-16F7-4668-BE54-9A1E7A4F7556}") = "MyLibrary", "MyLibrary\MyLibrary.csproj", "{C8795688-47EA-40AF-8BBF-21C642204537}"
EndProject
Project("{9A19103F-16F7-4668-BE54-9A1E7A4F7556}") = "v39tors", "v39tors\v39tors.csproj", "{B94C439B-E510-49B9-8829-0F9A593EE145}"
EndProject
Project("{9A19103F-16F7-4668-BE54-9A1E7A4F7556}") = "v40mon", "v40mon\v40mon.csproj", "{661F6CF4-2DA3-4C88-B099-BEF8AA98F4F3}"
EndProject
Project("{9A19103F-16F7-4668-BE54-9A1E7A4F7556}") = "Events", "Events\Events.csproj", "{E8214681-D1DF-4936-9A1A-1A99CF6BE151}"
EndProject
Project("{9A19103F-16F7-4668-BE54-9A1E7A4F7556}") = "WinFormsApp1", "WinFormsApp1\WinFormsApp1.csproj", "{3F92EE73-B68E-4C59-9B8F-BB218074B405}"
EndProject
Project("{9A19103F-16F7-4668-BE54-9A1E7A4F7556}") = "Guess", "Guess\Guess.csproj", "{D93F4801-0B4B-47AA-A3BC-52A8FBA626AD}"
EndProject
Project("{9A19103F-16F7-4668-BE54-9A1E7A4F7556}") = "TextEditor", "TextEditor\TextEditor.csproj", "{2E225F1D-6BFF-42DB-A9E1-6175446D4162}"
EndProject
Project("{FAE04EC0-301F-11D3-BF4B-00C04F79EFBC}") = "KaprekarsConstant", "KaprekarsConstant\KaprekarsConstant.csproj", "{C0075F42-98D5-4474-A88A-79DBB4F9CF68}"
EndProject
Global
	GlobalSection(SolutionConfigurationPlatforms) = preSolution
		Debug|Any CPU = Debug|Any CPU
		Release|Any CPU = Release|Any CPU
	EndGlobalSection
	GlobalSection(ProjectConfigurationPlatforms) = postSolution
		{827F8EBE-9D16-4BB8-8C43-8530A569B209}.Debug|Any CPU.ActiveCfg = Debug|Any CPU
		{827F8EBE-9D16-4BB8-8C43-8530A569B209}.Debug|Any CPU.Build.0 = Debug|Any CPU
		{827F8EBE-9D16-4BB8-8C43-8530A569B209}.Release|Any CPU.ActiveCfg = Release|Any CPU
		{827F8EBE-9D16-4BB8-8C43-8530A569B209}.Release|Any CPU.Build.0 = Release|Any CPU
		{156046FE-05F9-480F-8CD3-9733C3D491A2}.Debug|Any CPU.ActiveCfg = Debug|Any CPU
		{156046FE-05F9-480F-8CD3-9733C3D491A2}.Debug|Any CPU.Build.0 = Debug|Any CPU
		{156046FE-05F9-480F-8CD3-9733C3D491A2}.Release|Any CPU.ActiveCfg = Release|Any CPU
		{156046FE-05F9-480F-8CD3-9733C3D491A2}.Release|Any CPU.Build.0 = Release|Any CPU
		{6026CA4B-5144-4CC6-95E0-7836E98DDF8C}.Debug|Any CPU.ActiveCfg = Debug|Any CPU
		{6026CA4B-5144-4CC6-95E0-7836E98DDF8C}.Debug|Any CPU.Build.0 = Debug|Any CPU
		{6026CA4B-5144-4CC6-95E0-7836E98DDF8C}.Release|Any CPU.ActiveCfg = Release|Any CPU
		{6026CA4B-5144-4CC6-95E0-7836E98DDF8C}.Release|Any CPU.Build.0 = Release|Any CPU
		{0227C327-B867-4DAF-8A61-C1D741D9EBA3}.Debug|Any CPU.ActiveCfg = Debug|Any CPU
		{0227C327-B867-4DAF-8A61-C1D741D9EBA3}.Debug|Any CPU.Build.0 = Debug|Any CPU
		{0227C327-B867-4DAF-8A61-C1D741D9EBA3}.Release|Any CPU.ActiveCfg = Release|Any CPU
		{0227C327-B867-4DAF-8A61-C1D741D9EBA3}.Release|Any CPU.Build.0 = Release|Any CPU
		{A258F563-E283-4543-BF8D-7A9C8001B4AC}.Debug|Any CPU.ActiveCfg = Debug|Any CPU
		{A258F563-E283-4543-BF8D-7A9C8001B4AC}.Debug|Any CPU.Build.0 = Debug|Any CPU
		{A258F563-E283-4543-BF8D-7A9C8001B4AC}.Release|Any CPU.ActiveCfg = Release|Any CPU
		{A258F563-E283-4543-BF8D-7A9C8001B4AC}.Release|Any CPU.Build.0 = Release|Any CPU
		{D89C7094-E21D-47F5-B482-8B20E3E85687}.Debug|Any CPU.ActiveCfg = Debug|Any CPU
		{D89C7094-E21D-47F5-B482-8B20E3E85687}.Debug|Any CPU.Build.0 = Debug|Any CPU
		{D89C7094-E21D-47F5-B482-8B20E3E85687}.Release|Any CPU.ActiveCfg = Release|Any CPU
		{D89C7094-E21D-47F5-B482-8B20E3E85687}.Release|Any CPU.Build.0 = Release|Any CPU
		{7DA21013-204C-42D1-AA20-6B584E51B1DC}.Debug|Any CPU.ActiveCfg = Debug|Any CPU
		{7DA21013-204C-42D1-AA20-6B584E51B1DC}.Debug|Any CPU.Build.0 = Debug|Any CPU
		{7DA21013-204C-42D1-AA20-6B584E51B1DC}.Release|Any CPU.ActiveCfg = Release|Any CPU
		{7DA21013-204C-42D1-AA20-6B584E51B1DC}.Release|Any CPU.Build.0 = Release|Any CPU
		{8BD8C35D-A257-4C99-8464-736BCFFCC105}.Debug|Any CPU.ActiveCfg = Debug|Any CPU
		{8BD8C35D-A257-4C99-8464-736BCFFCC105}.Debug|Any CPU.Build.0 = Debug|Any CPU
		{8BD8C35D-A257-4C99-8464-736BCFFCC105}.Release|Any CPU.ActiveCfg = Release|Any CPU
		{8BD8C35D-A257-4C99-8464-736BCFFCC105}.Release|Any CPU.Build.0 = Release|Any CPU
		{80B9BD1D-CCA8-47F0-8025-B48FA31AB1A7}.Debug|Any CPU.ActiveCfg = Debug|Any CPU
		{80B9BD1D-CCA8-47F0-8025-B48FA31AB1A7}.Debug|Any CPU.Build.0 = Debug|Any CPU
		{80B9BD1D-CCA8-47F0-8025-B48FA31AB1A7}.Release|Any CPU.ActiveCfg = Release|Any CPU
		{80B9BD1D-CCA8-47F0-8025-B48FA31AB1A7}.Release|Any CPU.Build.0 = Release|Any CPU
		{1CB6931A-BF3D-4BE7-9084-A3E9A4335330}.Debug|Any CPU.ActiveCfg = Debug|Any CPU
		{1CB6931A-BF3D-4BE7-9084-A3E9A4335330}.Debug|Any CPU.Build.0 = Debug|Any CPU
		{1CB6931A-BF3D-4BE7-9084-A3E9A4335330}.Release|Any CPU.ActiveCfg = Release|Any CPU
		{1CB6931A-BF3D-4BE7-9084-A3E9A4335330}.Release|Any CPU.Build.0 = Release|Any CPU
		{3578B06A-7BD3-45E6-99D8-6957ADF29C29}.Debug|Any CPU.ActiveCfg = Debug|Any CPU
		{3578B06A-7BD3-45E6-99D8-6957ADF29C29}.Debug|Any CPU.Build.0 = Debug|Any CPU
		{3578B06A-7BD3-45E6-99D8-6957ADF29C29}.Release|Any CPU.ActiveCfg = Release|Any CPU
		{3578B06A-7BD3-45E6-99D8-6957ADF29C29}.Release|Any CPU.Build.0 = Release|Any CPU
		{EE221AAC-C529-4067-ABE3-5560F3BBF757}.Debug|Any CPU.ActiveCfg = Debug|Any CPU
		{EE221AAC-C529-4067-ABE3-5560F3BBF757}.Debug|Any CPU.Build.0 = Debug|Any CPU
		{EE221AAC-C529-4067-ABE3-5560F3BBF757}.Release|Any CPU.ActiveCfg = Release|Any CPU
		{EE221AAC-C529-4067-ABE3-5560F3BBF757}.Release|Any CPU.Build.0 = Release|Any CPU
		{C4BB40D9-69D1-4289-AD8F-CE0CA55FE26D}.Debug|Any CPU.ActiveCfg = Debug|Any CPU
		{C4BB40D9-69D1-4289-AD8F-CE0CA55FE26D}.Debug|Any CPU.Build.0 = Debug|Any CPU
		{C4BB40D9-69D1-4289-AD8F-CE0CA55FE26D}.Release|Any CPU.ActiveCfg = Release|Any CPU
		{C4BB40D9-69D1-4289-AD8F-CE0CA55FE26D}.Release|Any CPU.Build.0 = Release|Any CPU
		{119CB34B-0A57-4A59-B53F-1679414229F5}.Debug|Any CPU.ActiveCfg = Debug|Any CPU
		{119CB34B-0A57-4A59-B53F-1679414229F5}.Debug|Any CPU.Build.0 = Debug|Any CPU
		{119CB34B-0A57-4A59-B53F-1679414229F5}.Release|Any CPU.ActiveCfg = Release|Any CPU
		{119CB34B-0A57-4A59-B53F-1679414229F5}.Release|Any CPU.Build.0 = Release|Any CPU
		{1E558AF8-56C7-411A-9DC7-8975EC927CA5}.Debug|Any CPU.ActiveCfg = Debug|Any CPU
		{1E558AF8-56C7-411A-9DC7-8975EC927CA5}.Debug|Any CPU.Build.0 = Debug|Any CPU
		{1E558AF8-56C7-411A-9DC7-8975EC927CA5}.Release|Any CPU.ActiveCfg = Release|Any CPU
		{1E558AF8-56C7-411A-9DC7-8975EC927CA5}.Release|Any CPU.Build.0 = Release|Any CPU
		{0B786762-20AF-4EC9-A9C2-C28C456CBF8A}.Debug|Any CPU.ActiveCfg = Debug|Any CPU
		{0B786762-20AF-4EC9-A9C2-C28C456CBF8A}.Debug|Any CPU.Build.0 = Debug|Any CPU
		{0B786762-20AF-4EC9-A9C2-C28C456CBF8A}.Release|Any CPU.ActiveCfg = Release|Any CPU
		{0B786762-20AF-4EC9-A9C2-C28C456CBF8A}.Release|Any CPU.Build.0 = Release|Any CPU
		{87CF54A0-1468-4E99-956B-93B053C0EB5A}.Debug|Any CPU.ActiveCfg = Debug|Any CPU
		{87CF54A0-1468-4E99-956B-93B053C0EB5A}.Debug|Any CPU.Build.0 = Debug|Any CPU
		{87CF54A0-1468-4E99-956B-93B053C0EB5A}.Release|Any CPU.ActiveCfg = Release|Any CPU
		{87CF54A0-1468-4E99-956B-93B053C0EB5A}.Release|Any CPU.Build.0 = Release|Any CPU
		{C8795688-47EA-40AF-8BBF-21C642204537}.Debug|Any CPU.ActiveCfg = Debug|Any CPU
		{C8795688-47EA-40AF-8BBF-21C642204537}.Debug|Any CPU.Build.0 = Debug|Any CPU
		{C8795688-47EA-40AF-8BBF-21C642204537}.Release|Any CPU.ActiveCfg = Release|Any CPU
		{C8795688-47EA-40AF-8BBF-21C642204537}.Release|Any CPU.Build.0 = Release|Any CPU
		{B94C439B-E510-49B9-8829-0F9A593EE145}.Debug|Any CPU.ActiveCfg = Debug|Any CPU
		{B94C439B-E510-49B9-8829-0F9A593EE145}.Debug|Any CPU.Build.0 = Debug|Any CPU
		{B94C439B-E510-49B9-8829-0F9A593EE145}.Release|Any CPU.ActiveCfg = Release|Any CPU
		{B94C439B-E510-49B9-8829-0F9A593EE145}.Release|Any CPU.Build.0 = Release|Any CPU
		{661F6CF4-2DA3-4C88-B099-BEF8AA98F4F3}.Debug|Any CPU.ActiveCfg = Debug|Any CPU
		{661F6CF4-2DA3-4C88-B099-BEF8AA98F4F3}.Debug|Any CPU.Build.0 = Debug|Any CPU
		{661F6CF4-2DA3-4C88-B099-BEF8AA98F4F3}.Release|Any CPU.ActiveCfg = Release|Any CPU
		{661F6CF4-2DA3-4C88-B099-BEF8AA98F4F3}.Release|Any CPU.Build.0 = Release|Any CPU
		{E8214681-D1DF-4936-9A1A-1A99CF6BE151}.Debug|Any CPU.ActiveCfg = Debug|Any CPU
		{E8214681-D1DF-4936-9A1A-1A99CF6BE151}.Debug|Any CPU.Build.0 = Debug|Any CPU
		{E8214681-D1DF-4936-9A1A-1A99CF6BE151}.Release|Any CPU.ActiveCfg = Release|Any CPU
		{E8214681-D1DF-4936-9A1A-1A99CF6BE151}.Release|Any CPU.Build.0 = Release|Any CPU
		{3F92EE73-B68E-4C59-9B8F-BB218074B405}.Debug|Any CPU.ActiveCfg = Debug|Any CPU
		{3F92EE73-B68E-4C59-9B8F-BB218074B405}.Debug|Any CPU.Build.0 = Debug|Any CPU
		{3F92EE73-B68E-4C59-9B8F-BB218074B405}.Release|Any CPU.ActiveCfg = Release|Any CPU
		{3F92EE73-B68E-4C59-9B8F-BB218074B405}.Release|Any CPU.Build.0 = Release|Any CPU
		{D93F4801-0B4B-47AA-A3BC-52A8FBA626AD}.Debug|Any CPU.ActiveCfg = Debug|Any CPU
		{D93F4801-0B4B-47AA-A3BC-52A8FBA626AD}.Debug|Any CPU.Build.0 = Debug|Any CPU
		{D93F4801-0B4B-47AA-A3BC-52A8FBA626AD}.Release|Any CPU.ActiveCfg = Release|Any CPU
		{D93F4801-0B4B-47AA-A3BC-52A8FBA626AD}.Release|Any CPU.Build.0 = Release|Any CPU
		{2E225F1D-6BFF-42DB-A9E1-6175446D4162}.Debug|Any CPU.ActiveCfg = Debug|Any CPU
		{2E225F1D-6BFF-42DB-A9E1-6175446D4162}.Debug|Any CPU.Build.0 = Debug|Any CPU
		{2E225F1D-6BFF-42DB-A9E1-6175446D4162}.Release|Any CPU.ActiveCfg = Release|Any CPU
		{2E225F1D-6BFF-42DB-A9E1-6175446D4162}.Release|Any CPU.Build.0 = Release|Any CPU
		{C0075F42-98D5-4474-A88A-79DBB4F9CF68}.Debug|Any CPU.ActiveCfg = Debug|Any CPU
		{C0075F42-98D5-4474-A88A-79DBB4F9CF68}.Debug|Any CPU.Build.0 = Debug|Any CPU
		{C0075F42-98D5-4474-A88A-79DBB4F9CF68}.Release|Any CPU.ActiveCfg = Release|Any CPU
		{C0075F42-98D5-4474-A88A-79DBB4F9CF68}.Release|Any CPU.Build.0 = Release|Any CPU
	EndGlobalSection
	GlobalSection(SolutionProperties) = preSolution
		HideSolutionNode = FALSE
	EndGlobalSection
	GlobalSection(ExtensibilityGlobals) = postSolution
		SolutionGuid = {DA8A283F-E652-435A-8D1A-C99E392A5187}
	EndGlobalSection
EndGlobal
